# This file was autogenerated by uv via the following command:
#    uv pip compile pyproject.toml --output-file requirements.lock
annotated-doc==0.0.5
    # via fastapi
annotated-types==0.8.0
    # via pydantic
anyio==4.14.2
    # via
    #   google-genai
    #   httpx
    #   langsmith
    #   starlette
    #   watchfiles
certifi==2026.7.22
    # via
    #   httpcore
    #   httpx
    #   requests
cffi==2.1.1
    # via cryptography
charset-normalizer==3.5.1
    # via requests
click==8.4.2
    # via uvicorn
colorama==0.4.6
    # via click
cryptography==50.0.0
    # via google-auth
distro==1.9.0
    # via
    #   google-genai
    #   langsmith
fastapi==0.141.1
    # via swing-analyzer-ai-processing (pyproject.toml)
google-auth==2.56.3
    # via google-genai
google-genai==1.75.0
    # via swing-analyzer-ai-processing (pyproject.toml)
h11==0.16.0
    # via
    #   httpcore
    #   uvicorn
httpcore==1.0.9
    # via httpx
httptools==0.8.0
    # via uvicorn
httpx==0.28.1
    # via
    #   google-genai
    #   langchain-core
    #   langgraph-sdk
    #   langsmith
idna==3.19
    # via
    #   anyio
    #   httpx
    #   requests
jsonpatch==1.33
    # via langchain-core
jsonpointer==3.1.1
    # via jsonpatch
langchain-core==1.6.0
    # via
    #   langgraph
    #   langgraph-checkpoint
    #   langgraph-prebuilt
    #   langgraph-sdk
langchain-protocol==0.0.18
    # via
    #   langchain-core
    #   langgraph-sdk
langgraph==1.2.11
    # via swing-analyzer-ai-processing (pyproject.toml)
langgraph-checkpoint==4.2.0
    # via
    #   langgraph
    #   langgraph-prebuilt
langgraph-prebuilt==1.1.0
    # via langgraph
langgraph-sdk==0.4.3
    # via langgraph
langsmith==0.11.1
    # via langchain-core
orjson==3.11.7
    # via
    #   swing-analyzer-ai-processing (pyproject.toml)
    #   langgraph-sdk
    #   langsmith
ormsgpack==1.12.2
    # via langgraph-checkpoint
packaging==26.3
    # via
    #   langchain-core
    #   langsmith
pyasn1==0.6.4
    # via pyasn1-modules
pyasn1-modules==0.4.2
    # via google-auth
pycparser==3.0
    # via cffi
pydantic==2.13.4
    # via
    #   fastapi
    #   google-genai
    #   langchain-core
    #   langgraph
    #   langsmith
    #   pydantic-settings
pydantic-core==2.46.4
    # via pydantic
pydantic-settings==2.15.0
    # via swing-analyzer-ai-processing (pyproject.toml)
python-dotenv==1.2.3
    # via
    #   pydantic-settings
    #   uvicorn
pyyaml==6.0.3
    # via
    #   langchain-core
    #   uvicorn
requests==2.34.2
    # via
    #   google-auth
    #   google-genai
    #   langsmith
    #   requests-toolbelt
requests-toolbelt==1.0.0
    # via langsmith
sniffio==1.3.1
    # via
    #   google-genai
    #   langsmith
starlette==1.6.0
    # via fastapi
tenacity==9.1.4
    # via
    #   google-genai
    #   langchain-core
typing-extensions==4.16.0
    # via
    #   anyio
    #   fastapi
    #   google-genai
    #   langchain-core
    #   langchain-protocol
    #   langsmith
    #   pydantic
    #   pydantic-core
    #   starlette
    #   typing-inspection
typing-inspection==0.4.4
    # via
    #   fastapi
    #   pydantic
    #   pydantic-settings
urllib3==2.7.0
    # via requests
uuid-utils==0.17.0
    # via
    #   langchain-core
    #   langsmith
uvicorn==0.52.4
    # via swing-analyzer-ai-processing (pyproject.toml)
watchfiles==1.2.0
    # via uvicorn
websockets==15.0.1
    # via
    #   google-genai
    #   langgraph-sdk
    #   langsmith
    #   uvicorn
xxhash==4.0.1
    # via
    #   langgraph
    #   langsmith
zstandard==0.25.0
    # via langsmith
